
Microsoft Visual Studio Solution File, Format Version 12.00
# Visual Studio 14
VisualStudioVersion = 14.0.25123.0
MinimumVisualStudioVersion = 10.0.40219.1
Project("{FAE04EC0-301F-11D3-BF4B-00C04F79EFBC}") = "GoogleApisYoutube", "GoogleApisYoutube\GoogleApisYoutube.csproj", "{CCA3114D-6B64-43D2-8B33-9E5A6C397D45}"
EndProject
Global
	GlobalSection(SolutionConfigurationPlatforms) = preSolution
		Debug|Any CPU = Debug|Any CPU
		Release|Any CPU = Release|Any CPU
	EndGlobalSection
	GlobalSection(ProjectConfigurationPlatforms) = postSolution
		{CCA3114D-6B64-43D2-8B33-9E5A6C397D45}.Debug|Any CPU.ActiveCfg = Debug|Any CPU
		{CCA3114D-6B64-43D2-8B33-9E5A6C397D45}.Debug|Any CPU.Build.0 = Debug|Any CPU
		{CCA3114D-6B64-43D2-8B33-9E5A6C397D45}.Release|Any CPU.ActiveCfg = Release|Any CPU
		{CCA3114D-6B64-43D2-8B33-9E5A6C397D45}.Release|Any CPU.Build.0 = Release|Any CPU
	EndGlobalSection
	GlobalSection(SolutionProperties) = preSolution
		HideSolutionNode = FALSE
	EndGlobalSection
EndGlobal
